{
  "originHash" : "c8593acedeb245c093b116e13de57146609f423d7ff8f23b2fe68346958776d4",
  "pins" : [
    {
      "identity" : "generative-ai-swift",
      "kind" : "remoteSourceControl",
      "location" : "https://github.com/google-gemini/generative-ai-swift",
      "state" : {
        "revision" : "44b8ce120425f9cf53ca756f3434ca2c2696f8bd",
        "version" : "0.5.6"
      }
    },
    {
      "identity" : "rive-ios",
      "kind" : "remoteSourceControl",
      "location" : "https://github.com/rive-app/rive-ios",
      "state" : {
        "revision" : "fe1c1a976d1be87b5cee5331d8fd63e595aee1d0",
        "version" : "6.5.4"
      }
    }
  ],
  "version" : 3
}
